<Solution>
  <Folder Name="/Queries/">
    <File Path="Queries/Ex.15.sql" />
  </Folder>
  <Folder Name="/WareHouseServices/">
    <Project Path="Common.Sim/Common.Sim.vbproj" Id="640151c0-b040-479e-90d9-fa7536b15f9b" />
    <Project Path="HOST.Sim/HOST.Sim.vbproj" Id="0d98f562-73ca-45d0-b0d7-7276c12725b4" />
    <Project Path="PLC.Sim/PLC.Sim.vbproj" Id="12b3fb70-0ca3-44de-97ff-d4534beafc9e" />
    <Project Path="WCS.Sim/WCS.Sim.vbproj" Id="79f40c90-5ae4-4f1b-8f26-bbc4feee716e" />
    <Project Path="WMS.Sim/WMS.Sim.vbproj" Id="9bda4f8d-8ee6-4b72-959b-1c10b2ace5a4" />
  </Folder>
  <Folder Name="/WareHouseServices/DataBase/">
    <File Path="../../../Desktop/CreateWareHouseDB.sql" />
    <File Path="../../../Desktop/PopulateDB.sql" />
  </Folder>
  <Project Path="18_Library_EF/18_Library_EF.vbproj" Id="b0dfb600-1c03-4c6a-ad0a-3bc958639c55" />
  <Project Path="2_DbConnection/2_DbConnection.vbproj" Id="5b657187-b6b4-404a-89cd-c3a7f179211b" />
  <Project Path="3_DbAccess/3_DbAccess.vbproj" Id="b235f97a-1804-4bb9-b512-c1f574754dd8" />
  <Project Path="4_LINQ/4_LINQ.vbproj" Id="52e696de-028c-4ca9-9b95-46efa19b1b51" />
  <Project Path="5_EntityFramework/5_EntityFramework.vbproj" Id="b42350be-fb84-4c0d-b833-dd292fab788b" />
  <Project Path="6_EntityFramework_WinForm/6_EntityFramework_WinForm.vbproj" Id="a6a97ceb-31dc-4454-bde1-b483536cc882" />
  <Project Path="ClassLibrary/ClassLibrary.vbproj" Id="c5864349-32f8-42b2-9a30-89117241f122" />
  <Project Path="CurrencyConverter_example/CurrencyConverter_example.vbproj" Id="cb612fbc-f4f5-480a-85bf-b2fbfef25c05" />
  <Project Path="MiniCad_example/MiniCad_example.vbproj" Id="7abb0fa1-32eb-437b-be73-74c6adf49437" />
  <Project Path="OOP_example/OOP_example.vbproj" Id="3028c12b-ef38-4e34-9de0-2f7e8e32adcb" />
  <Project Path="ServiceController/ServiceController.vbproj" Id="cdf52575-0e0b-45ec-bf23-1a11a01482ce" />
</Solution>
